# This file is automatically @generated by Cargo.
# It is not intended for manual editing.
version = 4

[[package]]
name = "dot-writer"
version = "0.1.4"
source = "registry+https://github.com/rust-lang/crates.io-index"
checksum = "a2f7a508d3f95b7cb559acf2231c7efad02fe04061d3165b12513c2dbcc77af0"

[[package]]
name = "lrn_datastructs"
version = "0.1.0"
dependencies = [
 "dot-writer",
]
